
Microsoft Visual Studio Solution File, Format Version 12.00
# Visual Studio Version 17
VisualStudioVersion = 17.8.34511.84
MinimumVisualStudioVersion = 10.0.40219.1
Project("{9A19103F-16F7-4668-BE54-9A1E7A4F7556}") = "CodigoClase09", "CodigoClase09\CodigoClase09.csproj", "{1C4FFE88-8E28-4BC5-8963-4B66A45EEBD9}"
EndProject
Project("{FAE04EC0-301F-11D3-BF4B-00C04F79EFBC}") = "ClasesAbstractas", "ClasesAbstractas\ClasesAbstractas.csproj", "{EFD0BAD9-B488-42BA-9675-662F2F9C3C99}"
EndProject
Project("{FAE04EC0-301F-11D3-BF4B-00C04F79EFBC}") = "Interfaces", "Interfaces\Interfaces.csproj", "{A1E917EE-D165-4E92-BF53-9FD711CCC957}"
EndProject
Global
	GlobalSection(SolutionConfigurationPlatforms) = preSolution
		Debug|Any CPU = Debug|Any CPU
		Release|Any CPU = Release|Any CPU
	EndGlobalSection
	GlobalSection(ProjectConfigurationPlatforms) = postSolution
		{1C4FFE88-8E28-4BC5-8963-4B66A45EEBD9}.Debug|Any CPU.ActiveCfg = Debug|Any CPU
		{1C4FFE88-8E28-4BC5-8963-4B66A45EEBD9}.Debug|Any CPU.Build.0 = Debug|Any CPU
		{1C4FFE88-8E28-4BC5-8963-4B66A45EEBD9}.Release|Any CPU.ActiveCfg = Release|Any CPU
		{1C4FFE88-8E28-4BC5-8963-4B66A45EEBD9}.Release|Any CPU.Build.0 = Release|Any CPU
		{EFD0BAD9-B488-42BA-9675-662F2F9C3C99}.Debug|Any CPU.ActiveCfg = Debug|Any CPU
		{EFD0BAD9-B488-42BA-9675-662F2F9C3C99}.Debug|Any CPU.Build.0 = Debug|Any CPU
		{EFD0BAD9-B488-42BA-9675-662F2F9C3C99}.Release|Any CPU.ActiveCfg = Release|Any CPU
		{EFD0BAD9-B488-42BA-9675-662F2F9C3C99}.Release|Any CPU.Build.0 = Release|Any CPU
		{A1E917EE-D165-4E92-BF53-9FD711CCC957}.Debug|Any CPU.ActiveCfg = Debug|Any CPU
		{A1E917EE-D165-4E92-BF53-9FD711CCC957}.Debug|Any CPU.Build.0 = Debug|Any CPU
		{A1E917EE-D165-4E92-BF53-9FD711CCC957}.Release|Any CPU.ActiveCfg = Release|Any CPU
		{A1E917EE-D165-4E92-BF53-9FD711CCC957}.Release|Any CPU.Build.0 = Release|Any CPU
	EndGlobalSection
	GlobalSection(SolutionProperties) = preSolution
		HideSolutionNode = FALSE
	EndGlobalSection
	GlobalSection(ExtensibilityGlobals) = postSolution
		SolutionGuid = {962B071C-218F-4BFB-B14E-91FDFC5F5101}
	EndGlobalSection
EndGlobal
